// !$*UTF8*$!
{
	archiveVersion = 1;
	classes = {
	};
	objectVersion = 46;
	objects = {

/* Begin PBXBuildFile section */
		EF8F50A61D89FDAE00A56950 /* main.m in Sources */ = {isa = PBXBuildFile; fileRef = EF8F50A51D89FDAE00A56950 /* main.m */; };
		EF8F50A91D89FDAE00A56950 /* AppDelegate.m in Sources */ = {isa = PBXBuildFile; fileRef = EF8F50A81D89FDAE00A56950 /* AppDelegate.m */; };
		EF8F50AC1D89FDAE00A56950 /* LoginViewController.m in Sources */ = {isa = PBXBuildFile; fileRef = EF8F50AB1D89FDAE00A56950 /* LoginViewController.m */; };
		EF8F50AF1D89FDAE00A56950 /* Main.storyboard in Resources */ = {isa = PBXBuildFile; fileRef = EF8F50AD1D89FDAE00A56950 /* Main.storyboard */; };
		EF8F50B21D89FDAE00A56950 /* LoginBasic.xcdatamodeld in Sources */ = {isa = PBXBuildFile; fileRef = EF8F50B01D89FDAE00A56950 /* LoginBasic.xcdatamodeld */; };
		EF8F50B41D89FDAE00A56950 /* Assets.xcassets in Resources */ = {isa = PBXBuildFile; fileRef = EF8F50B31D89FDAE00A56950 /* Assets.xcassets */; };
		EF8F50B71D89FDAE00A56950 /* LaunchScreen.storyboard in Resources */ = {isa = PBXBuildFile; fileRef = EF8F50B51D89FDAE00A56950 /* LaunchScreen.storyboard */; };
		EF8F50C21D89FDAE00A56950 /* LoginBasicTests.m in Sources */ = {isa = PBXBuildFile; fileRef = EF8F50C11D89FDAE00A56950 /* LoginBasicTests.m */; };
		EF8F50CD1D89FDAE00A56950 /* LoginBasicUITests.m in Sources */ = {isa = PBXBuildFile; fileRef = EF8F50CC1D89FDAE00A56950 /* LoginBasicUITests.m */; };
		EF8F50DC1D8A5EE500A56950 /* ContatosViewController.m in Sources */ = {isa = PBXBuildFile; fileRef = EF8F50DB1D8A5EE500A56950 /* ContatosViewController.m */; };
/* End PBXBuildFile section */

/* Begin PBXContainerItemProxy section */
		EF8F50BE1D89FDAE00A56950 /* PBXContainerItemProxy */ = {
			isa = PBXContainerItemProxy;
			containerPortal = EF8F50991D89FDAE00A56950 /* Project object */;
			proxyType = 1;
			remoteGlobalIDString = EF8F50A01D89FDAE00A56950;
			remoteInfo = LoginBasic;
		};
		EF8F50C91D89FDAE00A56950 /* PBXContainerItemProxy */ = {
			isa = PBXContainerItemProxy;
			containerPortal = EF8F50991D89FDAE00A56950 /* Project object */;
			proxyType = 1;
			remoteGlobalIDString = EF8F50A01D89FDAE00A56950;
			remoteInfo = LoginBasic;
		};
/* End PBXContainerItemProxy section */

/* Begin PBXFileReference section */
		EF8F50A11D89FDAE00A56950 /* LoginBasic.app */ = {isa = PBXFileReference; explicitFileType = wrapper.application; includeInIndex = 0; path = LoginBasic.app; sourceTree = BUILT_PRODUCTS_DIR; };
		EF8F50A51D89FDAE00A56950 /* main.m */ = {isa = PBXFileReference; lastKnownFileType = sourcecode.c.objc; path = main.m; sourceTree = "<group>"; };
		EF8F50A71D89FDAE00A56950 /* AppDelegate.h */ = {isa = PBXFileReference; lastKnownFileType = sourcecode.c.h; path = AppDelegate.h; sourceTree = "<group>"; };
		EF8F50A81D89FDAE00A56950 /* AppDelegate.m */ = {isa = PBXFileReference; lastKnownFileType = sourcecode.c.objc; path = AppDelegate.m; sourceTree = "<group>"; };
		EF8F50AA1D89FDAE00A56950 /* LoginViewController.h */ = {isa = PBXFileReference; lastKnownFileType = sourcecode.c.h; path = LoginViewController.h; sourceTree = "<group>"; };
		EF8F50AB1D89FDAE00A56950 /* LoginViewController.m */ = {isa = PBXFileReference; lastKnownFileType = sourcecode.c.objc; path = LoginViewController.m; sourceTree = "<group>"; };
		EF8F50AE1D89FDAE00A56950 /* Base */ = {isa = PBXFileReference; lastKnownFileType = file.storyboard; name = Base; path = Base.lproj/Main.storyboard; sourceTree = "<group>"; };
		EF8F50B11D89FDAE00A56950 /* LoginBasic.xcdatamodel */ = {isa = PBXFileReference; lastKnownFileType = wrapper.xcdatamodel; path = LoginBasic.xcdatamodel; sourceTree = "<group>"; };
		EF8F50B31D89FDAE00A56950 /* Assets.xcassets */ = {isa = PBXFileReference; lastKnownFileType = folder.assetcatalog; path = Assets.xcassets; sourceTree = "<group>"; };
		EF8F50B61D89FDAE00A56950 /* Base */ = {isa = PBXFileReference; lastKnownFileType = file.storyboard; name = Base; path = Base.lproj/LaunchScreen.storyboard; sourceTree = "<group>"; };
		EF8F50B81D89FDAE00A56950 /* Info.plist */ = {isa = PBXFileReference; lastKnownFileType = text.plist.xml; path = Info.plist; sourceTree = "<group>"; };
		EF8F50BD1D89FDAE00A56950 /* LoginBasicTests.xctest */ = {isa = PBXFileReference; explicitFileType = wrapper.cfbundle; includeInIndex = 0; path = LoginBasicTests.xctest; sourceTree = BUILT_PRODUCTS_DIR; };
		EF8F50C11D89FDAE00A56950 /* LoginBasicTests.m */ = {isa = PBXFileReference; lastKnownFileType = sourcecode.c.objc; path = LoginBasicTests.m; sourceTree = "<group>"; };
		EF8F50C31D89FDAE00A56950 /* Info.plist */ = {isa = PBXFileReference; lastKnownFileType = text.plist.xml; path = Info.plist; sourceTree = "<group>"; };
		EF8F50C81D89FDAE00A56950 /* LoginBasicUITests.xctest */ = {isa = PBXFileReference; explicitFileType = wrapper.cfbundle; includeInIndex = 0; path = LoginBasicUITests.xctest; sourceTree = BUILT_PRODUCTS_DIR; };
		EF8F50CC1D89FDAE00A56950 /* LoginBasicUITests.m */ = {isa = PBXFileReference; lastKnownFileType = sourcecode.c.objc; path = LoginBasicUITests.m; sourceTree = "<group>"; };
		EF8F50CE1D89FDAE00A56950 /* Info.plist */ = {isa = PBXFileReference; lastKnownFileType = text.plist.xml; path = Info.plist; sourceTree = "<group>"; };
		EF8F50DA1D8A5E9200A56950 /* ContatosViewController.h */ = {isa = PBXFileReference; lastKnownFileType = sourcecode.c.h; path = ContatosViewController.h; sourceTree = "<group>"; };
		EF8F50DB1D8A5EE500A56950 /* ContatosViewController.m */ = {isa = PBXFileReference; fileEncoding = 4; lastKnownFileType = sourcecode.c.objc; path = ContatosViewController.m; sourceTree = "<group>"; };
/* End PBXFileReference section */

/* Begin PBXFrameworksBuildPhase section */
		EF8F509E1D89FDAE00A56950 /* Frameworks */ = {
			isa = PBXFrameworksBuildPhase;
			buildActionMask = 2147483647;
			files = (
			);
			runOnlyForDeploymentPostprocessing = 0;
		};
		EF8F50BA1D89FDAE00A56950 /* Frameworks */ = {
			isa = PBXFrameworksBuildPhase;
			buildActionMask = 2147483647;
			files = (
			);
			runOnlyForDeploymentPostprocessing = 0;
		};
		EF8F50C51D89FDAE00A56950 /* Frameworks */ = {
			isa = PBXFrameworksBuildPhase;
			buildActionMask = 2147483647;
			files = (
			);
			runOnlyForDeploymentPostprocessing = 0;
		};
/* End PBXFrameworksBuildPhase section */

/* Begin PBXGroup section */
		EF8F50981D89FDAE00A56950 = {
			isa = PBXGroup;
			children = (
				EF8F50A31D89FDAE00A56950 /* LoginBasic */,
				EF8F50C01D89FDAE00A56950 /* LoginBasicTests */,
				EF8F50CB1D89FDAE00A56950 /* LoginBasicUITests */,
				EF8F50A21D89FDAE00A56950 /* Products */,
			);
			sourceTree = "<group>";
		};
		EF8F50A21D89FDAE00A56950 /* Products */ = {
			isa = PBXGroup;
			children = (
				EF8F50A11D89FDAE00A56950 /* LoginBasic.app */,
				EF8F50BD1D89FDAE00A56950 /* LoginBasicTests.xctest */,
				EF8F50C81D89FDAE00A56950 /* LoginBasicUITests.xctest */,
			);
			name = Products;
			sourceTree = "<group>";
		};
		EF8F50A31D89FDAE00A56950 /* LoginBasic */ = {
			isa = PBXGroup;
			children = (
				EF8F50A71D89FDAE00A56950 /* AppDelegate.h */,
				EF8F50A81D89FDAE00A56950 /* AppDelegate.m */,
				EF8F50AA1D89FDAE00A56950 /* LoginViewController.h */,
				EF8F50AB1D89FDAE00A56950 /* LoginViewController.m */,
				EF8F50AD1D89FDAE00A56950 /* Main.storyboard */,
				EF8F50B31D89FDAE00A56950 /* Assets.xcassets */,
				EF8F50B51D89FDAE00A56950 /* LaunchScreen.storyboard */,
				EF8F50B81D89FDAE00A56950 /* Info.plist */,
				EF8F50B01D89FDAE00A56950 /* LoginBasic.xcdatamodeld */,
				EF8F50A41D89FDAE00A56950 /* Supporting Files */,
				EF8F50DA1D8A5E9200A56950 /* ContatosViewController.h */,
				EF8F50DB1D8A5EE500A56950 /* ContatosViewController.m */,
			);
			path = LoginBasic;
			sourceTree = "<group>";
		};
		EF8F50A41D89FDAE00A56950 /* Supporting Files */ = {
			isa = PBXGroup;
			children = (
				EF8F50A51D89FDAE00A56950 /* main.m */,
			);
			name = "Supporting Files";
			sourceTree = "<group>";
		};
		EF8F50C01D89FDAE00A56950 /* LoginBasicTests */ = {
			isa = PBXGroup;
			children = (
				EF8F50C11D89FDAE00A56950 /* LoginBasicTests.m */,
				EF8F50C31D89FDAE00A56950 /* Info.plist */,
			);
			path = LoginBasicTests;
			sourceTree = "<group>";
		};
		EF8F50CB1D89FDAE00A56950 /* LoginBasicUITests */ = {
			isa = PBXGroup;
			children = (
				EF8F50CC1D89FDAE00A56950 /* LoginBasicUITests.m */,
				EF8F50CE1D89FDAE00A56950 /* Info.plist */,
			);
			path = LoginBasicUITests;
			sourceTree = "<group>";
		};
/* End PBXGroup section */

/* Begin PBXNativeTarget section */
		EF8F50A01D89FDAE00A56950 /* LoginBasic */ = {
			isa = PBXNativeTarget;
			buildConfigurationList = EF8F50D11D89FDAE00A56950 /* Build configuration list for PBXNativeTarget "LoginBasic" */;
			buildPhases = (
				EF8F509D1D89FDAE00A56950 /* Sources */,
				EF8F509E1D89FDAE00A56950 /* Frameworks */,
				EF8F509F1D89FDAE00A56950 /* Resources */,
			);
			buildRules = (
			);
			dependencies = (
			);
			name = LoginBasic;
			productName = LoginBasic;
			productReference = EF8F50A11D89FDAE00A56950 /* LoginBasic.app */;
			productType = "com.apple.product-type.application";
		};
		EF8F50BC1D89FDAE00A56950 /* LoginBasicTests */ = {
			isa = PBXNativeTarget;
			buildConfigurationList = EF8F50D41D89FDAE00A56950 /* Build configuration list for PBXNativeTarget "LoginBasicTests" */;
			buildPhases = (
				EF8F50B91D89FDAE00A56950 /* Sources */,
				EF8F50BA1D89FDAE00A56950 /* Frameworks */,
				EF8F50BB1D89FDAE00A56950 /* Resources */,
			);
			buildRules = (
			);
			dependencies = (
				EF8F50BF1D89FDAE00A56950 /* PBXTargetDependency */,
			);
			name = LoginBasicTests;
			productName = LoginBasicTests;
			productReference = EF8F50BD1D89FDAE00A56950 /* LoginBasicTests.xctest */;
			productType = "com.apple.product-type.bundle.unit-test";
		};
		EF8F50C71D89FDAE00A56950 /* LoginBasicUITests */ = {
			isa = PBXNativeTarget;
			buildConfigurationList = EF8F50D71D89FDAE00A56950 /* Build configuration list for PBXNativeTarget "LoginBasicUITests" */;
			buildPhases = (
				EF8F50C41D89FDAE00A56950 /* Sources */,
				EF8F50C51D89FDAE00A56950 /* Frameworks */,
				EF8F50C61D89FDAE00A56950 /* Resources */,
			);
			buildRules = (
			);
			dependencies = (
				EF8F50CA1D89FDAE00A56950 /* PBXTargetDependency */,
			);
			name = LoginBasicUITests;
			productName = LoginBasicUITests;
			productReference = EF8F50C81D89FDAE00A56950 /* LoginBasicUITests.xctest */;
			productType = "com.apple.product-type.bundle.ui-testing";
		};
/* End PBXNativeTarget section */

/* Begin PBXProject section */
		EF8F50991D89FDAE00A56950 /* Project object */ = {
			isa = PBXProject;
			attributes = {
				LastUpgradeCheck = 0800;
				ORGANIZATIONNAME = patrix;
				TargetAttributes = {
					EF8F50A01D89FDAE00A56950 = {
						CreatedOnToolsVersion = 8.0;
						DevelopmentTeam = Y6XNH7AXS2;
						ProvisioningStyle = Automatic;
					};
					EF8F50BC1D89FDAE00A56950 = {
						CreatedOnToolsVersion = 8.0;
						DevelopmentTeam = Y6XNH7AXS2;
						ProvisioningStyle = Automatic;
						TestTargetID = EF8F50A01D89FDAE00A56950;
					};
					EF8F50C71D89FDAE00A56950 = {
						CreatedOnToolsVersion = 8.0;
						DevelopmentTeam = Y6XNH7AXS2;
						ProvisioningStyle = Automatic;
						TestTargetID = EF8F50A01D89FDAE00A56950;
					};
				};
			};
			buildConfigurationList = EF8F509C1D89FDAE00A56950 /* Build configuration list for PBXProject "LoginBasic" */;
			compatibilityVersion = "Xcode 3.2";
			developmentRegion = English;
			hasScannedForEncodings = 0;
			knownRegions = (
				en,
				Base,
			);
			mainGroup = EF8F50981D89FDAE00A56950;
			productRefGroup = EF8F50A21D89FDAE00A56950 /* Products */;
			projectDirPath = "";
			projectRoot = "";
			targets = (
				EF8F50A01D89FDAE00A56950 /* LoginBasic */,
				EF8F50BC1D89FDAE00A56950 /* LoginBasicTests */,
				EF8F50C71D89FDAE00A56950 /* LoginBasicUITests */,
			);
		};
/* End PBXProject section */

/* Begin PBXResourcesBuildPhase section */
		EF8F509F1D89FDAE00A56950 /* Resources */ = {
			isa = PBXResourcesBuildPhase;
			buildActionMask = 2147483647;
			files = (
				EF8F50B71D89FDAE00A56950 /* LaunchScreen.storyboard in Resources */,
				EF8F50B41D89FDAE00A56950 /* Assets.xcassets in Resources */,
				EF8F50AF1D89FDAE00A56950 /* Main.storyboard in Resources */,
			);
			runOnlyForDeploymentPostprocessing = 0;
		};
		EF8F50BB1D89FDAE00A56950 /* Resources */ = {
			isa = PBXResourcesBuildPhase;
			buildActionMask = 2147483647;
			files = (
			);
			runOnlyForDeploymentPostprocessing = 0;
		};
		EF8F50C61D89FDAE00A56950 /* Resources */ = {
			isa = PBXResourcesBuildPhase;
			buildActionMask = 2147483647;
			files = (
			);
			runOnlyForDeploymentPostprocessing = 0;
		};
/* End PBXResourcesBuildPhase section */

/* Begin PBXSourcesBuildPhase section */
		EF8F509D1D89FDAE00A56950 /* Sources */ = {
			isa = PBXSourcesBuildPhase;
			buildActionMask = 2147483647;
			files = (
				EF8F50AC1D89FDAE00A56950 /* LoginViewController.m in Sources */,
				EF8F50A91D89FDAE00A56950 /* AppDelegate.m in Sources */,
				EF8F50B21D89FDAE00A56950 /* LoginBasic.xcdatamodeld in Sources */,
				EF8F50DC1D8A5EE500A56950 /* ContatosViewController.m in Sources */,
				EF8F50A61D89FDAE00A56950 /* main.m in Sources */,
			);
			runOnlyForDeploymentPostprocessing = 0;
		};
		EF8F50B91D89FDAE00A56950 /* Sources */ = {
			isa = PBXSourcesBuildPhase;
			buildActionMask = 2147483647;
			files = (
				EF8F50C21D89FDAE00A56950 /* LoginBasicTests.m in Sources */,
			);
			runOnlyForDeploymentPostprocessing = 0;
		};
		EF8F50C41D89FDAE00A56950 /* Sources */ = {
			isa = PBXSourcesBuildPhase;
			buildActionMask = 2147483647;
			files = (
				EF8F50CD1D89FDAE00A56950 /* LoginBasicUITests.m in Sources */,
			);
			runOnlyForDeploymentPostprocessing = 0;
		};
/* End PBXSourcesBuildPhase section */

/* Begin PBXTargetDependency section */
		EF8F50BF1D89FDAE00A56950 /* PBXTargetDependency */ = {
			isa = PBXTargetDependency;
			target = EF8F50A01D89FDAE00A56950 /* LoginBasic */;
			targetProxy = EF8F50BE1D89FDAE00A56950 /* PBXContainerItemProxy */;
		};
		EF8F50CA1D89FDAE00A56950 /* PBXTargetDependency */ = {
			isa = PBXTargetDependency;
			target = EF8F50A01D89FDAE00A56950 /* LoginBasic */;
			targetProxy = EF8F50C91D89FDAE00A56950 /* PBXContainerItemProxy */;
		};
/* End PBXTargetDependency section */

/* Begin PBXVariantGroup section */
		EF8F50AD1D89FDAE00A56950 /* Main.storyboard */ = {
			isa = PBXVariantGroup;
			children = (
				EF8F50AE1D89FDAE00A56950 /* Base */,
			);
			name = Main.storyboard;
			sourceTree = "<group>";
		};
		EF8F50B51D89FDAE00A56950 /* LaunchScreen.storyboard */ = {
			isa = PBXVariantGroup;
			children = (
				EF8F50B61D89FDAE00A56950 /* Base */,
			);
			name = LaunchScreen.storyboard;
			sourceTree = "<group>";
		};
/* End PBXVariantGroup section */

/* Begin XCBuildConfiguration section */
		EF8F50CF1D89FDAE00A56950 /* Debug */ = {
			isa = XCBuildConfiguration;
			buildSettings = {
				ALWAYS_SEARCH_USER_PATHS = NO;
				CLANG_ANALYZER_NONNULL = YES;
				CLANG_CXX_LANGUAGE_STANDARD = "gnu++0x";
				CLANG_CXX_LIBRARY = "libc++";
				CLANG_ENABLE_MODULES = YES;
				CLANG_ENABLE_OBJC_ARC = YES;
				CLANG_WARN_BOOL_CONVERSION = YES;
				CLANG_WARN_CONSTANT_CONVERSION = YES;
				CLANG_WARN_DIRECT_OBJC_ISA_USAGE = YES_ERROR;
				CLANG_WARN_DOCUMENTATION_COMMENTS = YES;
				CLANG_WARN_EMPTY_BODY = YES;
				CLANG_WARN_ENUM_CONVERSION = YES;
				CLANG_WARN_INFINITE_RECURSION = YES;
				CLANG_WARN_INT_CONVERSION = YES;
				CLANG_WARN_OBJC_ROOT_CLASS = YES_ERROR;
				CLANG_WARN_SUSPICIOUS_MOVES = YES;
				CLANG_WARN_UNREACHABLE_CODE = YES;
				CLANG_WARN__DUPLICATE_METHOD_MATCH = YES;
				"CODE_SIGN_IDENTITY[sdk=iphoneos*]" = "iPhone Developer";
				COPY_PHASE_STRIP = NO;
				DEBUG_INFORMATION_FORMAT = dwarf;
				ENABLE_STRICT_OBJC_MSGSEND = YES;
				ENABLE_TESTABILITY = YES;
				GCC_C_LANGUAGE_STANDARD = gnu99;
				GCC_DYNAMIC_NO_PIC = NO;
				GCC_NO_COMMON_BLOCKS = YES;
				GCC_OPTIMIZATION_LEVEL = 0;
				GCC_PREPROCESSOR_DEFINITIONS = (
					"DEBUG=1",
					"$(inherited)",
				);
				GCC_WARN_64_TO_32_BIT_CONVERSION = YES;
				GCC_WARN_ABOUT_RETURN_TYPE = YES_ERROR;
				GCC_WARN_UNDECLARED_SELECTOR = YES;
				GCC_WARN_UNINITIALIZED_AUTOS = YES_AGGRESSIVE;
				GCC_WARN_UNUSED_FUNCTION = YES;
				GCC_WARN_UNUSED_VARIABLE = YES;
				IPHONEOS_DEPLOYMENT_TARGET = 10.0;
				MTL_ENABLE_DEBUG_INFO = YES;
				ONLY_ACTIVE_ARCH = YES;
				SDKROOT = iphoneos;
				TARGETED_DEVICE_FAMILY = "1,2";
			};
			name = Debug;
		};
		EF8F50D01D89FDAE00A56950 /* Release */ = {
			isa = XCBuildConfiguration;
			buildSettings = {
				ALWAYS_SEARCH_USER_PATHS = NO;
				CLANG_ANALYZER_NONNULL = YES;
				CLANG_CXX_LANGUAGE_STANDARD = "gnu++0x";
				CLANG_CXX_LIBRARY = "libc++";
				CLANG_ENABLE_MODULES = YES;
				CLANG_ENABLE_OBJC_ARC = YES;
				CLANG_WARN_BOOL_CONVERSION = YES;
				CLANG_WARN_CONSTANT_CONVERSION = YES;
				CLANG_WARN_DIRECT_OBJC_ISA_USAGE = YES_ERROR;
				CLANG_WARN_DOCUMENTATION_COMMENTS = YES;
				CLANG_WARN_EMPTY_BODY = YES;
				CLANG_WARN_ENUM_CONVERSION = YES;
				CLANG_WARN_INFINITE_RECURSION = YES;
				CLANG_WARN_INT_CONVERSION = YES;
				CLANG_WARN_OBJC_ROOT_CLASS = YES_ERROR;
				CLANG_WARN_SUSPICIOUS_MOVES = YES;
				CLANG_WARN_UNREACHABLE_CODE = YES;
				CLANG_WARN__DUPLICATE_METHOD_MATCH = YES;
				"CODE_SIGN_IDENTITY[sdk=iphoneos*]" = "iPhone Developer";
				COPY_PHASE_STRIP = NO;
				DEBUG_INFORMATION_FORMAT = "dwarf-with-dsym";
				ENABLE_NS_ASSERTIONS = NO;
				ENABLE_STRICT_OBJC_MSGSEND = YES;
				GCC_C_LANGUAGE_STANDARD = gnu99;
				GCC_NO_COMMON_BLOCKS = YES;
				GCC_WARN_64_TO_32_BIT_CONVERSION = YES;
				GCC_WARN_ABOUT_RETURN_TYPE = YES_ERROR;
				GCC_WARN_UNDECLARED_SELECTOR = YES;
				GCC_WARN_UNINITIALIZED_AUTOS = YES_AGGRESSIVE;
				GCC_WARN_UNUSED_FUNCTION = YES;
				GCC_WARN_UNUSED_VARIABLE = YES;
				IPHONEOS_DEPLOYMENT_TARGET = 10.0;
				MTL_ENABLE_DEBUG_INFO = NO;
				SDKROOT = iphoneos;
				TARGETED_DEVICE_FAMILY = "1,2";
				VALIDATE_PRODUCT = YES;
			};
			name = Release;
		};
		EF8F50D21D89FDAE00A56950 /* Debug */ = {
			isa = XCBuildConfiguration;
			buildSettings = {
				ASSETCATALOG_COMPILER_APPICON_NAME = AppIcon;
				DEVELOPMENT_TEAM = Y6XNH7AXS2;
				INFOPLIST_FILE = LoginBasic/Info.plist;
				LD_RUNPATH_SEARCH_PATHS = "$(inherited) @executable_path/Frameworks";
				PRODUCT_BUNDLE_IDENTIFIER = com.patricknasc.LoginBasic;
				PRODUCT_NAME = "$(TARGET_NAME)";
			};
			name = Debug;
		};
		EF8F50D31D89FDAE00A56950 /* Release */ = {
			isa = XCBuildConfiguration;
			buildSettings = {
				ASSETCATALOG_COMPILER_APPICON_NAME = AppIcon;
				DEVELOPMENT_TEAM = Y6XNH7AXS2;
				INFOPLIST_FILE = LoginBasic/Info.plist;
				LD_RUNPATH_SEARCH_PATHS = "$(inherited) @executable_path/Frameworks";
				PRODUCT_BUNDLE_IDENTIFIER = com.patricknasc.LoginBasic;
				PRODUCT_NAME = "$(TARGET_NAME)";
			};
			name = Release;
		};
		EF8F50D51D89FDAE00A56950 /* Debug */ = {
			isa = XCBuildConfiguration;
			buildSettings = {
				BUNDLE_LOADER = "$(TEST_HOST)";
				DEVELOPMENT_TEAM = Y6XNH7AXS2;
				INFOPLIST_FILE = LoginBasicTests/Info.plist;
				LD_RUNPATH_SEARCH_PATHS = "$(inherited) @executable_path/Frameworks @loader_path/Frameworks";
				PRODUCT_BUNDLE_IDENTIFIER = com.patricknasc.LoginBasicTests;
				PRODUCT_NAME = "$(TARGET_NAME)";
				TEST_HOST = "$(BUILT_PRODUCTS_DIR)/LoginBasic.app/LoginBasic";
			};
			name = Debug;
		};
		EF8F50D61D89FDAE00A56950 /* Release */ = {
			isa = XCBuildConfiguration;
			buildSettings = {
				BUNDLE_LOADER = "$(TEST_HOST)";
				DEVELOPMENT_TEAM = Y6XNH7AXS2;
				INFOPLIST_FILE = LoginBasicTests/Info.plist;
				LD_RUNPATH_SEARCH_PATHS = "$(inherited) @executable_path/Frameworks @loader_path/Frameworks";
				PRODUCT_BUNDLE_IDENTIFIER = com.patricknasc.LoginBasicTests;
				PRODUCT_NAME = "$(TARGET_NAME)";
				TEST_HOST = "$(BUILT_PRODUCTS_DIR)/LoginBasic.app/LoginBasic";
			};
			name = Release;
		};
		EF8F50D81D89FDAE00A56950 /* Debug */ = {
			isa = XCBuildConfiguration;
			buildSettings = {
				DEVELOPMENT_TEAM = Y6XNH7AXS2;
				INFOPLIST_FILE = LoginBasicUITests/Info.plist;
				LD_RUNPATH_SEARCH_PATHS = "$(inherited) @executable_path/Frameworks @loader_path/Frameworks";
				PRODUCT_BUNDLE_IDENTIFIER = com.patricknasc.LoginBasicUITests;
				PRODUCT_NAME = "$(TARGET_NAME)";
				TEST_TARGET_NAME = LoginBasic;
			};
			name = Debug;
		};
		EF8F50D91D89FDAE00A56950 /* Release */ = {
			isa = XCBuildConfiguration;
			buildSettings = {
				DEVELOPMENT_TEAM = Y6XNH7AXS2;
				INFOPLIST_FILE = LoginBasicUITests/Info.plist;
				LD_RUNPATH_SEARCH_PATHS = "$(inherited) @executable_path/Frameworks @loader_path/Frameworks";
				PRODUCT_BUNDLE_IDENTIFIER = com.patricknasc.LoginBasicUITests;
				PRODUCT_NAME = "$(TARGET_NAME)";
				TEST_TARGET_NAME = LoginBasic;
			};
			name = Release;
		};
/* End XCBuildConfiguration section */

/* Begin XCConfigurationList section */
		EF8F509C1D89FDAE00A56950 /* Build configuration list for PBXProject "LoginBasic" */ = {
			isa = XCConfigurationList;
			buildConfigurations = (
				EF8F50CF1D89FDAE00A56950 /* Debug */,
				EF8F50D01D89FDAE00A56950 /* Release */,
			);
			defaultConfigurationIsVisible = 0;
			defaultConfigurationName = Release;
		};
		EF8F50D11D89FDAE00A56950 /* Build configuration list for PBXNativeTarget "LoginBasic" */ = {
			isa = XCConfigurationList;
			buildConfigurations = (
				EF8F50D21D89FDAE00A56950 /* Debug */,
				EF8F50D31D89FDAE00A56950 /* Release */,
			);
			defaultConfigurationIsVisible = 0;
		};
		EF8F50D41D89FDAE00A56950 /* Build configuration list for PBXNativeTarget "LoginBasicTests" */ = {
			isa = XCConfigurationList;
			buildConfigurations = (
				EF8F50D51D89FDAE00A56950 /* Debug */,
				EF8F50D61D89FDAE00A56950 /* Release */,
			);
			defaultConfigurationIsVisible = 0;
		};
		EF8F50D71D89FDAE00A56950 /* Build configuration list for PBXNativeTarget "LoginBasicUITests" */ = {
			isa = XCConfigurationList;
			buildConfigurations = (
				EF8F50D81D89FDAE00A56950 /* Debug */,
				EF8F50D91D89FDAE00A56950 /* Release */,
			);
			defaultConfigurationIsVisible = 0;
		};
/* End XCConfigurationList section */

/* Begin XCVersionGroup section */
		EF8F50B01D89FDAE00A56950 /* LoginBasic.xcdatamodeld */ = {
			isa = XCVersionGroup;
			children = (
				EF8F50B11D89FDAE00A56950 /* LoginBasic.xcdatamodel */,
			);
			currentVersion = EF8F50B11D89FDAE00A56950 /* LoginBasic.xcdatamodel */;
			path = LoginBasic.xcdatamodeld;
			sourceTree = "<group>";
			versionGroupType = wrapper.xcdatamodel;
		};
/* End XCVersionGroup section */
	};
	rootObject = EF8F50991D89FDAE00A56950 /* Project object */;
}
